
Microsoft Visual Studio Solution File, Format Version 12.00
# Visual Studio Version 17
VisualStudioVersion = 17.0.31903.59
MinimumVisualStudioVersion = 10.0.40219.1
Project("{FAE04EC0-301F-11D3-BF4B-00C04F79EFBC}") = "Flowertrack.Api", "Flowertrack.Api\Flowertrack.Api.csproj", "{A2A6FCBB-61C7-4EBE-A986-7E805F364445}"
EndProject
Project("{FAE04EC0-301F-11D3-BF4B-00C04F79EFBC}") = "Flowertrack.Domain", "Flowertrack.Domain\Flowertrack.Domain.csproj", "{1C4868D2-A33C-411C-B15F-56B3227C46D3}"
EndProject
Project("{FAE04EC0-301F-11D3-BF4B-00C04F79EFBC}") = "Flowertrack.Domain.Tests", "Flowertrack.Domain.Tests\Flowertrack.Domain.Tests.csproj", "{7B249FA5-FF9F-4958-9F37-A41B3DEF8428}"
EndProject
Project("{FAE04EC0-301F-11D3-BF4B-00C04F79EFBC}") = "Flowertrack.Application", "Flowertrack.Application\Flowertrack.Application.csproj", "{EA9DD51B-3BF2-443C-A813-468F11CB550A}"
EndProject
Global
	GlobalSection(SolutionConfigurationPlatforms) = preSolution
		Debug|Any CPU = Debug|Any CPU
		Debug|x64 = Debug|x64
		Debug|x86 = Debug|x86
		Release|Any CPU = Release|Any CPU
		Release|x64 = Release|x64
		Release|x86 = Release|x86
	EndGlobalSection
	GlobalSection(ProjectConfigurationPlatforms) = postSolution
		{A2A6FCBB-61C7-4EBE-A986-7E805F364445}.Debug|Any CPU.ActiveCfg = Debug|Any CPU
		{A2A6FCBB-61C7-4EBE-A986-7E805F364445}.Debug|Any CPU.Build.0 = Debug|Any CPU
		{A2A6FCBB-61C7-4EBE-A986-7E805F364445}.Debug|x64.ActiveCfg = Debug|Any CPU
		{A2A6FCBB-61C7-4EBE-A986-7E805F364445}.Debug|x64.Build.0 = Debug|Any CPU
		{A2A6FCBB-61C7-4EBE-A986-7E805F364445}.Debug|x86.ActiveCfg = Debug|Any CPU
		{A2A6FCBB-61C7-4EBE-A986-7E805F364445}.Debug|x86.Build.0 = Debug|Any CPU
		{A2A6FCBB-61C7-4EBE-A986-7E805F364445}.Release|Any CPU.ActiveCfg = Release|Any CPU
		{A2A6FCBB-61C7-4EBE-A986-7E805F364445}.Release|Any CPU.Build.0 = Release|Any CPU
		{A2A6FCBB-61C7-4EBE-A986-7E805F364445}.Release|x64.ActiveCfg = Release|Any CPU
		{A2A6FCBB-61C7-4EBE-A986-7E805F364445}.Release|x64.Build.0 = Release|Any CPU
		{A2A6FCBB-61C7-4EBE-A986-7E805F364445}.Release|x86.ActiveCfg = Release|Any CPU
		{A2A6FCBB-61C7-4EBE-A986-7E805F364445}.Release|x86.Build.0 = Release|Any CPU
		{1C4868D2-A33C-411C-B15F-56B3227C46D3}.Debug|Any CPU.ActiveCfg = Debug|Any CPU
		{1C4868D2-A33C-411C-B15F-56B3227C46D3}.Debug|Any CPU.Build.0 = Debug|Any CPU
		{1C4868D2-A33C-411C-B15F-56B3227C46D3}.Debug|x64.ActiveCfg = Debug|Any CPU
		{1C4868D2-A33C-411C-B15F-56B3227C46D3}.Debug|x64.Build.0 = Debug|Any CPU
		{1C4868D2-A33C-411C-B15F-56B3227C46D3}.Debug|x86.ActiveCfg = Debug|Any CPU
		{1C4868D2-A33C-411C-B15F-56B3227C46D3}.Debug|x86.Build.0 = Debug|Any CPU
		{1C4868D2-A33C-411C-B15F-56B3227C46D3}.Release|Any CPU.ActiveCfg = Release|Any CPU
		{1C4868D2-A33C-411C-B15F-56B3227C46D3}.Release|Any CPU.Build.0 = Release|Any CPU
		{1C4868D2-A33C-411C-B15F-56B3227C46D3}.Release|x64.ActiveCfg = Release|Any CPU
		{1C4868D2-A33C-411C-B15F-56B3227C46D3}.Release|x64.Build.0 = Release|Any CPU
		{1C4868D2-A33C-411C-B15F-56B3227C46D3}.Release|x86.ActiveCfg = Release|Any CPU
		{1C4868D2-A33C-411C-B15F-56B3227C46D3}.Release|x86.Build.0 = Release|Any CPU
		{7B249FA5-FF9F-4958-9F37-A41B3DEF8428}.Debug|Any CPU.ActiveCfg = Debug|Any CPU
		{7B249FA5-FF9F-4958-9F37-A41B3DEF8428}.Debug|Any CPU.Build.0 = Debug|Any CPU
		{7B249FA5-FF9F-4958-9F37-A41B3DEF8428}.Debug|x64.ActiveCfg = Debug|Any CPU
		{7B249FA5-FF9F-4958-9F37-A41B3DEF8428}.Debug|x64.Build.0 = Debug|Any CPU
		{7B249FA5-FF9F-4958-9F37-A41B3DEF8428}.Debug|x86.ActiveCfg = Debug|Any CPU
		{7B249FA5-FF9F-4958-9F37-A41B3DEF8428}.Debug|x86.Build.0 = Debug|Any CPU
		{7B249FA5-FF9F-4958-9F37-A41B3DEF8428}.Release|Any CPU.ActiveCfg = Release|Any CPU
		{7B249FA5-FF9F-4958-9F37-A41B3DEF8428}.Release|Any CPU.Build.0 = Release|Any CPU
		{7B249FA5-FF9F-4958-9F37-A41B3DEF8428}.Release|x64.ActiveCfg = Release|Any CPU
		{7B249FA5-FF9F-4958-9F37-A41B3DEF8428}.Release|x64.Build.0 = Release|Any CPU
		{7B249FA5-FF9F-4958-9F37-A41B3DEF8428}.Release|x86.ActiveCfg = Release|Any CPU
		{7B249FA5-FF9F-4958-9F37-A41B3DEF8428}.Release|x86.Build.0 = Release|Any CPU
		{EA9DD51B-3BF2-443C-A813-468F11CB550A}.Debug|Any CPU.ActiveCfg = Debug|Any CPU
		{EA9DD51B-3BF2-443C-A813-468F11CB550A}.Debug|Any CPU.Build.0 = Debug|Any CPU
		{EA9DD51B-3BF2-443C-A813-468F11CB550A}.Debug|x64.ActiveCfg = Debug|Any CPU
		{EA9DD51B-3BF2-443C-A813-468F11CB550A}.Debug|x64.Build.0 = Debug|Any CPU
		{EA9DD51B-3BF2-443C-A813-468F11CB550A}.Debug|x86.ActiveCfg = Debug|Any CPU
		{EA9DD51B-3BF2-443C-A813-468F11CB550A}.Debug|x86.Build.0 = Debug|Any CPU
		{EA9DD51B-3BF2-443C-A813-468F11CB550A}.Release|Any CPU.ActiveCfg = Release|Any CPU
		{EA9DD51B-3BF2-443C-A813-468F11CB550A}.Release|Any CPU.Build.0 = Release|Any CPU
		{EA9DD51B-3BF2-443C-A813-468F11CB550A}.Release|x64.ActiveCfg = Release|Any CPU
		{EA9DD51B-3BF2-443C-A813-468F11CB550A}.Release|x64.Build.0 = Release|Any CPU
		{EA9DD51B-3BF2-443C-A813-468F11CB550A}.Release|x86.ActiveCfg = Release|Any CPU
		{EA9DD51B-3BF2-443C-A813-468F11CB550A}.Release|x86.Build.0 = Release|Any CPU
	EndGlobalSection
	GlobalSection(SolutionProperties) = preSolution
		HideSolutionNode = FALSE
	EndGlobalSection
EndGlobal
